// !$*UTF8*$!
{
	archiveVersion = 1;
	classes = {
	};
	objectVersion = 46;
	objects = {

/* Begin PBXBuildFile section */
		5CED4EC71EC6134500948FC4 /* AppDelegate.swift in Sources */ = {isa = PBXBuildFile; fileRef = 5CED4EC61EC6134500948FC4 /* AppDelegate.swift */; };
		5CED4EC91EC6134500948FC4 /* ViewController.swift in Sources */ = {isa = PBXBuildFile; fileRef = 5CED4EC81EC6134500948FC4 /* ViewController.swift */; };
		5CED4ECC1EC6134500948FC4 /* Main.storyboard in Resources */ = {isa = PBXBuildFile; fileRef = 5CED4ECA1EC6134500948FC4 /* Main.storyboard */; };
		5CED4ECE1EC6134500948FC4 /* Assets.xcassets in Resources */ = {isa = PBXBuildFile; fileRef = 5CED4ECD1EC6134500948FC4 /* Assets.xcassets */; };
		5CED4ED11EC6134500948FC4 /* LaunchScreen.storyboard in Resources */ = {isa = PBXBuildFile; fileRef = 5CED4ECF1EC6134500948FC4 /* LaunchScreen.storyboard */; };
/* End PBXBuildFile section */

/* Begin PBXFileReference section */
		5CED4EC31EC6134500948FC4 /* IM-Example.app */ = {isa = PBXFileReference; explicitFileType = wrapper.application; includeInIndex = 0; path = "IM-Example.app"; sourceTree = BUILT_PRODUCTS_DIR; };
		5CED4EC61EC6134500948FC4 /* AppDelegate.swift */ = {isa = PBXFileReference; lastKnownFileType = sourcecode.swift; path = AppDelegate.swift; sourceTree = "<group>"; };
		5CED4EC81EC6134500948FC4 /* ViewController.swift */ = {isa = PBXFileReference; lastKnownFileType = sourcecode.swift; path = ViewController.swift; sourceTree = "<group>"; };
		5CED4ECB1EC6134500948FC4 /* Base */ = {isa = PBXFileReference; lastKnownFileType = file.storyboard; name = Base; path = Base.lproj/Main.storyboard; sourceTree = "<group>"; };
		5CED4ECD1EC6134500948FC4 /* Assets.xcassets */ = {isa = PBXFileReference; lastKnownFileType = folder.assetcatalog; path = Assets.xcassets; sourceTree = "<group>"; };
		5CED4ED01EC6134500948FC4 /* Base */ = {isa = PBXFileReference; lastKnownFileType = file.storyboard; name = Base; path = Base.lproj/LaunchScreen.storyboard; sourceTree = "<group>"; };
		5CED4ED21EC6134500948FC4 /* Info.plist */ = {isa = PBXFileReference; lastKnownFileType = text.plist.xml; path = Info.plist; sourceTree = "<group>"; };
/* End PBXFileReference section */

/* Begin PBXFrameworksBuildPhase section */
		5CED4EC01EC6134500948FC4 /* Frameworks */ = {
			isa = PBXFrameworksBuildPhase;
			buildActionMask = 2147483647;
			files = (
			);
			runOnlyForDeploymentPostprocessing = 0;
		};
/* End PBXFrameworksBuildPhase section */

/* Begin PBXGroup section */
		5CED4EBA1EC6134500948FC4 = {
			isa = PBXGroup;
			children = (
				5CED4EC51EC6134500948FC4 /* IM-Example */,
				5CED4EC41EC6134500948FC4 /* Products */,
			);
			sourceTree = "<group>";
		};
		5CED4EC41EC6134500948FC4 /* Products */ = {
			isa = PBXGroup;
			children = (
				5CED4EC31EC6134500948FC4 /* IM-Example.app */,
			);
			name = Products;
			sourceTree = "<group>";
		};
		5CED4EC51EC6134500948FC4 /* IM-Example */ = {
			isa = PBXGroup;
			children = (
				5CED4EC61EC6134500948FC4 /* AppDelegate.swift */,
				5CED4EC81EC6134500948FC4 /* ViewController.swift */,
				5CED4ECA1EC6134500948FC4 /* Main.storyboard */,
				5CED4ECD1EC6134500948FC4 /* Assets.xcassets */,
				5CED4ECF1EC6134500948FC4 /* LaunchScreen.storyboard */,
				5CED4ED21EC6134500948FC4 /* Info.plist */,
			);
			path = "IM-Example";
			sourceTree = "<group>";
		};
/* End PBXGroup section */

/* Begin PBXNativeTarget section */
		5CED4EC21EC6134500948FC4 /* IM-Example */ = {
			isa = PBXNativeTarget;
			buildConfigurationList = 5CED4ED51EC6134500948FC4 /* Build configuration list for PBXNativeTarget "IM-Example" */;
			buildPhases = (
				5CED4EBF1EC6134500948FC4 /* Sources */,
				5CED4EC01EC6134500948FC4 /* Frameworks */,
				5CED4EC11EC6134500948FC4 /* Resources */,
			);
			buildRules = (
			);
			dependencies = (
			);
			name = "IM-Example";
			productName = "IM-Example";
			productReference = 5CED4EC31EC6134500948FC4 /* IM-Example.app */;
			productType = "com.apple.product-type.application";
		};
/* End PBXNativeTarget section */

/* Begin PBXProject section */
		5CED4EBB1EC6134500948FC4 /* Project object */ = {
			isa = PBXProject;
			attributes = {
				LastSwiftUpdateCheck = 0830;
				LastUpgradeCheck = 0830;
				ORGANIZATIONNAME = Meniny;
				TargetAttributes = {
					5CED4EC21EC6134500948FC4 = {
						CreatedOnToolsVersion = 8.3.2;
						DevelopmentTeam = 63YL5QDMNS;
						ProvisioningStyle = Automatic;
					};
				};
			};
			buildConfigurationList = 5CED4EBE1EC6134500948FC4 /* Build configuration list for PBXProject "IM-Example" */;
			compatibilityVersion = "Xcode 3.2";
			developmentRegion = English;
			hasScannedForEncodings = 0;
			knownRegions = (
				en,
				Base,
			);
			mainGroup = 5CED4EBA1EC6134500948FC4;
			productRefGroup = 5CED4EC41EC6134500948FC4 /* Products */;
			projectDirPath = "";
			projectRoot = "";
			targets = (
				5CED4EC21EC6134500948FC4 /* IM-Example */,
			);
		};
/* End PBXProject section */

/* Begin PBXResourcesBuildPhase section */
		5CED4EC11EC6134500948FC4 /* Resources */ = {
			isa = PBXResourcesBuildPhase;
			buildActionMask = 2147483647;
			files = (
				5CED4ED11EC6134500948FC4 /* LaunchScreen.storyboard in Resources */,
				5CED4ECE1EC6134500948FC4 /* Assets.xcassets in Resources */,
				5CED4ECC1EC6134500948FC4 /* Main.storyboard in Resources */,
			);
			runOnlyForDeploymentPostprocessing = 0;
		};
/* End PBXResourcesBuildPhase section */

/* Begin PBXSourcesBuildPhase section */
		5CED4EBF1EC6134500948FC4 /* Sources */ = {
			isa = PBXSourcesBuildPhase;
			buildActionMask = 2147483647;
			files = (
				5CED4EC91EC6134500948FC4 /* ViewController.swift in Sources */,
				5CED4EC71EC6134500948FC4 /* AppDelegate.swift in Sources */,
			);
			runOnlyForDeploymentPostprocessing = 0;
		};
/* End PBXSourcesBuildPhase section */

/* Begin PBXVariantGroup section */
		5CED4ECA1EC6134500948FC4 /* Main.storyboard */ = {
			isa = PBXVariantGroup;
			children = (
				5CED4ECB1EC6134500948FC4 /* Base */,
			);
			name = Main.storyboard;
			sourceTree = "<group>";
		};
		5CED4ECF1EC6134500948FC4 /* LaunchScreen.storyboard */ = {
			isa = PBXVariantGroup;
			children = (
				5CED4ED01EC6134500948FC4 /* Base */,
			);
			name = LaunchScreen.storyboard;
			sourceTree = "<group>";
		};
/* End PBXVariantGroup section */

/* Begin XCBuildConfiguration section */
		5CED4ED31EC6134500948FC4 /* Debug */ = {
			isa = XCBuildConfiguration;
			buildSettings = {
				ALWAYS_SEARCH_USER_PATHS = NO;
				CLANG_ANALYZER_NONNULL = YES;
				CLANG_ANALYZER_NUMBER_OBJECT_CONVERSION = YES_AGGRESSIVE;
				CLANG_CXX_LANGUAGE_STANDARD = "gnu++0x";
				CLANG_CXX_LIBRARY = "libc++";
				CLANG_ENABLE_MODULES = YES;
				CLANG_ENABLE_OBJC_ARC = YES;
				CLANG_WARN_BOOL_CONVERSION = YES;
				CLANG_WARN_CONSTANT_CONVERSION = YES;
				CLANG_WARN_DIRECT_OBJC_ISA_USAGE = YES_ERROR;
				CLANG_WARN_DOCUMENTATION_COMMENTS = YES;
				CLANG_WARN_EMPTY_BODY = YES;
				CLANG_WARN_ENUM_CONVERSION = YES;
				CLANG_WARN_INFINITE_RECURSION = YES;
				CLANG_WARN_INT_CONVERSION = YES;
				CLANG_WARN_OBJC_ROOT_CLASS = YES_ERROR;
				CLANG_WARN_SUSPICIOUS_MOVE = YES;
				CLANG_WARN_UNREACHABLE_CODE = YES;
				CLANG_WARN__DUPLICATE_METHOD_MATCH = YES;
				"CODE_SIGN_IDENTITY[sdk=iphoneos*]" = "iPhone Developer";
				COPY_PHASE_STRIP = NO;
				DEBUG_INFORMATION_FORMAT = dwarf;
				ENABLE_STRICT_OBJC_MSGSEND = YES;
				ENABLE_TESTABILITY = YES;
				GCC_C_LANGUAGE_STANDARD = gnu99;
				GCC_DYNAMIC_NO_PIC = NO;
				GCC_NO_COMMON_BLOCKS = YES;
				GCC_OPTIMIZATION_LEVEL = 0;
				GCC_PREPROCESSOR_DEFINITIONS = (
					"DEBUG=1",
					"$(inherited)",
				);
				GCC_WARN_64_TO_32_BIT_CONVERSION = YES;
				GCC_WARN_ABOUT_RETURN_TYPE = YES_ERROR;
				GCC_WARN_UNDECLARED_SELECTOR = YES;
				GCC_WARN_UNINITIALIZED_AUTOS = YES_AGGRESSIVE;
				GCC_WARN_UNUSED_FUNCTION = YES;
				GCC_WARN_UNUSED_VARIABLE = YES;
				IPHONEOS_DEPLOYMENT_TARGET = 10.3;
				MTL_ENABLE_DEBUG_INFO = YES;
				ONLY_ACTIVE_ARCH = YES;
				SDKROOT = iphoneos;
				SWIFT_ACTIVE_COMPILATION_CONDITIONS = DEBUG;
				SWIFT_OPTIMIZATION_LEVEL = "-Onone";
				TARGETED_DEVICE_FAMILY = "1,2";
			};
			name = Debug;
		};
		5CED4ED41EC6134500948FC4 /* Release */ = {
			isa = XCBuildConfiguration;
			buildSettings = {
				ALWAYS_SEARCH_USER_PATHS = NO;
				CLANG_ANALYZER_NONNULL = YES;
				CLANG_ANALYZER_NUMBER_OBJECT_CONVERSION = YES_AGGRESSIVE;
				CLANG_CXX_LANGUAGE_STANDARD = "gnu++0x";
				CLANG_CXX_LIBRARY = "libc++";
				CLANG_ENABLE_MODULES = YES;
				CLANG_ENABLE_OBJC_ARC = YES;
				CLANG_WARN_BOOL_CONVERSION = YES;
				CLANG_WARN_CONSTANT_CONVERSION = YES;
				CLANG_WARN_DIRECT_OBJC_ISA_USAGE = YES_ERROR;
				CLANG_WARN_DOCUMENTATION_COMMENTS = YES;
				CLANG_WARN_EMPTY_BODY = YES;
				CLANG_WARN_ENUM_CONVERSION = YES;
				CLANG_WARN_INFINITE_RECURSION = YES;
				CLANG_WARN_INT_CONVERSION = YES;
				CLANG_WARN_OBJC_ROOT_CLASS = YES_ERROR;
				CLANG_WARN_SUSPICIOUS_MOVE = YES;
				CLANG_WARN_UNREACHABLE_CODE = YES;
				CLANG_WARN__DUPLICATE_METHOD_MATCH = YES;
				"CODE_SIGN_IDENTITY[sdk=iphoneos*]" = "iPhone Developer";
				COPY_PHASE_STRIP = NO;
				DEBUG_INFORMATION_FORMAT = "dwarf-with-dsym";
				ENABLE_NS_ASSERTIONS = NO;
				ENABLE_STRICT_OBJC_MSGSEND = YES;
				GCC_C_LANGUAGE_STANDARD = gnu99;
				GCC_NO_COMMON_BLOCKS = YES;
				GCC_WARN_64_TO_32_BIT_CONVERSION = YES;
				GCC_WARN_ABOUT_RETURN_TYPE = YES_ERROR;
				GCC_WARN_UNDECLARED_SELECTOR = YES;
				GCC_WARN_UNINITIALIZED_AUTOS = YES_AGGRESSIVE;
				GCC_WARN_UNUSED_FUNCTION = YES;
				GCC_WARN_UNUSED_VARIABLE = YES;
				IPHONEOS_DEPLOYMENT_TARGET = 10.3;
				MTL_ENABLE_DEBUG_INFO = NO;
				SDKROOT = iphoneos;
				SWIFT_OPTIMIZATION_LEVEL = "-Owholemodule";
				TARGETED_DEVICE_FAMILY = "1,2";
				VALIDATE_PRODUCT = YES;
			};
			name = Release;
		};
		5CED4ED61EC6134500948FC4 /* Debug */ = {
			isa = XCBuildConfiguration;
			buildSettings = {
				ASSETCATALOG_COMPILER_APPICON_NAME = AppIcon;
				DEVELOPMENT_TEAM = 63YL5QDMNS;
				INFOPLIST_FILE = "IM-Example/Info.plist";
				LD_RUNPATH_SEARCH_PATHS = "$(inherited) @executable_path/Frameworks";
				PRODUCT_BUNDLE_IDENTIFIER = "cn.meniny.IM-Example";
				PRODUCT_NAME = "$(TARGET_NAME)";
				SWIFT_VERSION = 3.0;
			};
			name = Debug;
		};
		5CED4ED71EC6134500948FC4 /* Release */ = {
			isa = XCBuildConfiguration;
			buildSettings = {
				ASSETCATALOG_COMPILER_APPICON_NAME = AppIcon;
				DEVELOPMENT_TEAM = 63YL5QDMNS;
				INFOPLIST_FILE = "IM-Example/Info.plist";
				LD_RUNPATH_SEARCH_PATHS = "$(inherited) @executable_path/Frameworks";
				PRODUCT_BUNDLE_IDENTIFIER = "cn.meniny.IM-Example";
				PRODUCT_NAME = "$(TARGET_NAME)";
				SWIFT_VERSION = 3.0;
			};
			name = Release;
		};
/* End XCBuildConfiguration section */

/* Begin XCConfigurationList section */
		5CED4EBE1EC6134500948FC4 /* Build configuration list for PBXProject "IM-Example" */ = {
			isa = XCConfigurationList;
			buildConfigurations = (
				5CED4ED31EC6134500948FC4 /* Debug */,
				5CED4ED41EC6134500948FC4 /* Release */,
			);
			defaultConfigurationIsVisible = 0;
			defaultConfigurationName = Release;
		};
		5CED4ED51EC6134500948FC4 /* Build configuration list for PBXNativeTarget "IM-Example" */ = {
			isa = XCConfigurationList;
			buildConfigurations = (
				5CED4ED61EC6134500948FC4 /* Debug */,
				5CED4ED71EC6134500948FC4 /* Release */,
			);
			defaultConfigurationIsVisible = 0;
		};
/* End XCConfigurationList section */
	};
	rootObject = 5CED4EBB1EC6134500948FC4 /* Project object */;
}
